
Microsoft Visual Studio Solution File, Format Version 12.00
# Visual Studio Version 16
VisualStudioVersion = 16.0.34301.259
MinimumVisualStudioVersion = 10.0.40219.1
Project("{8BC9CEB8-8B4A-11D0-8D11-00A0C91BC942}") = "Metrologia", "Metrologia\Metrologia.vcxproj", "{CBAD7DC2-5EB3-498E-B581-0D7F6EAE554A}"
EndProject
Global
	GlobalSection(SolutionConfigurationPlatforms) = preSolution
		Debug|x64 = Debug|x64
		Debug|x86 = Debug|x86
		Release|x64 = Release|x64
		Release|x86 = Release|x86
	EndGlobalSection
	GlobalSection(ProjectConfigurationPlatforms) = postSolution
		{CBAD7DC2-5EB3-498E-B581-0D7F6EAE554A}.Debug|x64.ActiveCfg = Debug|x64
		{CBAD7DC2-5EB3-498E-B581-0D7F6EAE554A}.Debug|x64.Build.0 = Debug|x64
		{CBAD7DC2-5EB3-498E-B581-0D7F6EAE554A}.Debug|x86.ActiveCfg = Debug|Win32
		{CBAD7DC2-5EB3-498E-B581-0D7F6EAE554A}.Debug|x86.Build.0 = Debug|Win32
		{CBAD7DC2-5EB3-498E-B581-0D7F6EAE554A}.Release|x64.ActiveCfg = Release|x64
		{CBAD7DC2-5EB3-498E-B581-0D7F6EAE554A}.Release|x64.Build.0 = Release|x64
		{CBAD7DC2-5EB3-498E-B581-0D7F6EAE554A}.Release|x86.ActiveCfg = Release|Win32
		{CBAD7DC2-5EB3-498E-B581-0D7F6EAE554A}.Release|x86.Build.0 = Release|Win32
	EndGlobalSection
	GlobalSection(SolutionProperties) = preSolution
		HideSolutionNode = FALSE
	EndGlobalSection
	GlobalSection(ExtensibilityGlobals) = postSolution
		SolutionGuid = {80C43F3F-2F68-4D31-946A-81ED68B8E953}
	EndGlobalSection
EndGlobal
